
Microsoft Visual Studio Solution File, Format Version 12.00
# Visual Studio Version 17
VisualStudioVersion = 17.0.31521.260
MinimumVisualStudioVersion = 10.0.40219.1
Project("{FAE04EC0-301F-11D3-BF4B-00C04F79EFBC}") = "StudentRegistrationProject", "StudentRegistrationProject\StudentRegistrationProject.csproj", "{88463F6F-7A8A-4844-B70C-5FD2AD34E31B}"
EndProject
Global
	GlobalSection(SolutionConfigurationPlatforms) = preSolution
		Debug|Any CPU = Debug|Any CPU
		Release|Any CPU = Release|Any CPU
	EndGlobalSection
	GlobalSection(ProjectConfigurationPlatforms) = postSolution
		{88463F6F-7A8A-4844-B70C-5FD2AD34E31B}.Debug|Any CPU.ActiveCfg = Debug|Any CPU
		{88463F6F-7A8A-4844-B70C-5FD2AD34E31B}.Debug|Any CPU.Build.0 = Debug|Any CPU
		{88463F6F-7A8A-4844-B70C-5FD2AD34E31B}.Release|Any CPU.ActiveCfg = Release|Any CPU
		{88463F6F-7A8A-4844-B70C-5FD2AD34E31B}.Release|Any CPU.Build.0 = Release|Any CPU
	EndGlobalSection
	GlobalSection(SolutionProperties) = preSolution
		HideSolutionNode = FALSE
	EndGlobalSection
	GlobalSection(ExtensibilityGlobals) = postSolution
		SolutionGuid = {C4427FB3-3945-4B8F-8758-E138A98EE79F}
	EndGlobalSection
EndGlobal
